// !$*UTF8*$!
{
	archiveVersion = 1;
	classes = {
	};
	objectVersion = 46;
	objects = {

/* Begin PBXBuildFile section */
		262D4FCE1AAD7D9F00ACCCD5 /* main.m in Sources */ = {isa = PBXBuildFile; fileRef = 262D4FCD1AAD7D9F00ACCCD5 /* main.m */; };
		262D4FD11AAD7D9F00ACCCD5 /* AppDelegate.m in Sources */ = {isa = PBXBuildFile; fileRef = 262D4FD01AAD7D9F00ACCCD5 /* AppDelegate.m */; };
		262D4FD91AAD7D9F00ACCCD5 /* Images.xcassets in Resources */ = {isa = PBXBuildFile; fileRef = 262D4FD81AAD7D9F00ACCCD5 /* Images.xcassets */; };
		262D4FDC1AAD7D9F00ACCCD5 /* LaunchScreen.xib in Resources */ = {isa = PBXBuildFile; fileRef = 262D4FDA1AAD7D9F00ACCCD5 /* LaunchScreen.xib */; };
		262D4FE81AAD7D9F00ACCCD5 /* ProfileDemoTests.m in Sources */ = {isa = PBXBuildFile; fileRef = 262D4FE71AAD7D9F00ACCCD5 /* ProfileDemoTests.m */; };
		262D4FF31AAD7E2100ACCCD5 /* MainTabBarViewController.m in Sources */ = {isa = PBXBuildFile; fileRef = 262D4FF21AAD7E2100ACCCD5 /* MainTabBarViewController.m */; };
		262D4FFA1AAD7EB900ACCCD5 /* firstPageViewController.m in Sources */ = {isa = PBXBuildFile; fileRef = 262D4FF51AAD7EB900ACCCD5 /* firstPageViewController.m */; };
		262D4FFB1AAD7EB900ACCCD5 /* secondPageViewController.m in Sources */ = {isa = PBXBuildFile; fileRef = 262D4FF71AAD7EB900ACCCD5 /* secondPageViewController.m */; };
		262D4FFC1AAD7EB900ACCCD5 /* thirdPageViewController.m in Sources */ = {isa = PBXBuildFile; fileRef = 262D4FF91AAD7EB900ACCCD5 /* thirdPageViewController.m */; };
		262D50021AAD7F0F00ACCCD5 /* BaseNavigationViewController.m in Sources */ = {isa = PBXBuildFile; fileRef = 262D50011AAD7F0F00ACCCD5 /* BaseNavigationViewController.m */; };
		262D50041AAD803700ACCCD5 /* Main.storyboard in Resources */ = {isa = PBXBuildFile; fileRef = 262D50031AAD803700ACCCD5 /* Main.storyboard */; };
		262D50101AAD817C00ACCCD5 /* about@2x.png in Resources */ = {isa = PBXBuildFile; fileRef = 262D50091AAD817C00ACCCD5 /* about@2x.png */; };
		262D50111AAD817C00ACCCD5 /* about_sel@2x.png in Resources */ = {isa = PBXBuildFile; fileRef = 262D500A1AAD817C00ACCCD5 /* about_sel@2x.png */; };
		262D50121AAD817C00ACCCD5 /* blog@2x.png in Resources */ = {isa = PBXBuildFile; fileRef = 262D500B1AAD817C00ACCCD5 /* blog@2x.png */; };
		262D50131AAD817C00ACCCD5 /* blog_sel@2x.png in Resources */ = {isa = PBXBuildFile; fileRef = 262D500C1AAD817C00ACCCD5 /* blog_sel@2x.png */; };
		262D50141AAD817C00ACCCD5 /* opinion@2x.png in Resources */ = {isa = PBXBuildFile; fileRef = 262D500D1AAD817C00ACCCD5 /* opinion@2x.png */; };
		262D50151AAD817C00ACCCD5 /* opinion_sel@2x.png in Resources */ = {isa = PBXBuildFile; fileRef = 262D500E1AAD817C00ACCCD5 /* opinion_sel@2x.png */; };
		262D50161AAD817C00ACCCD5 /* tabbar_background@2x.png in Resources */ = {isa = PBXBuildFile; fileRef = 262D500F1AAD817C00ACCCD5 /* tabbar_background@2x.png */; };
		262D50191AAD993E00ACCCD5 /* News.m in Sources */ = {isa = PBXBuildFile; fileRef = 262D50181AAD993E00ACCCD5 /* News.m */; };
		262D501C1AAD996B00ACCCD5 /* NewsTableViewCell.m in Sources */ = {isa = PBXBuildFile; fileRef = 262D501B1AAD996B00ACCCD5 /* NewsTableViewCell.m */; };
		262D501E1AAD9D1800ACCCD5 /* test.plist in Resources */ = {isa = PBXBuildFile; fileRef = 262D501D1AAD9D1800ACCCD5 /* test.plist */; };
/* End PBXBuildFile section */

/* Begin PBXContainerItemProxy section */
		262D4FE21AAD7D9F00ACCCD5 /* PBXContainerItemProxy */ = {
			isa = PBXContainerItemProxy;
			containerPortal = 262D4FC01AAD7D9E00ACCCD5 /* Project object */;
			proxyType = 1;
			remoteGlobalIDString = 262D4FC71AAD7D9F00ACCCD5;
			remoteInfo = ProfileDemo;
		};
/* End PBXContainerItemProxy section */

/* Begin PBXFileReference section */
		262D4FC81AAD7D9F00ACCCD5 /* ProfileDemo.app */ = {isa = PBXFileReference; explicitFileType = wrapper.application; includeInIndex = 0; path = ProfileDemo.app; sourceTree = BUILT_PRODUCTS_DIR; };
		262D4FCC1AAD7D9F00ACCCD5 /* Info.plist */ = {isa = PBXFileReference; lastKnownFileType = text.plist.xml; path = Info.plist; sourceTree = "<group>"; };
		262D4FCD1AAD7D9F00ACCCD5 /* main.m */ = {isa = PBXFileReference; lastKnownFileType = sourcecode.c.objc; path = main.m; sourceTree = "<group>"; };
		262D4FCF1AAD7D9F00ACCCD5 /* AppDelegate.h */ = {isa = PBXFileReference; lastKnownFileType = sourcecode.c.h; path = AppDelegate.h; sourceTree = "<group>"; };
		262D4FD01AAD7D9F00ACCCD5 /* AppDelegate.m */ = {isa = PBXFileReference; lastKnownFileType = sourcecode.c.objc; path = AppDelegate.m; sourceTree = "<group>"; };
		262D4FD81AAD7D9F00ACCCD5 /* Images.xcassets */ = {isa = PBXFileReference; lastKnownFileType = folder.assetcatalog; path = Images.xcassets; sourceTree = "<group>"; };
		262D4FDB1AAD7D9F00ACCCD5 /* Base */ = {isa = PBXFileReference; lastKnownFileType = file.xib; name = Base; path = Base.lproj/LaunchScreen.xib; sourceTree = "<group>"; };
		262D4FE11AAD7D9F00ACCCD5 /* ProfileDemoTests.xctest */ = {isa = PBXFileReference; explicitFileType = wrapper.cfbundle; includeInIndex = 0; path = ProfileDemoTests.xctest; sourceTree = BUILT_PRODUCTS_DIR; };
		262D4FE61AAD7D9F00ACCCD5 /* Info.plist */ = {isa = PBXFileReference; lastKnownFileType = text.plist.xml; path = Info.plist; sourceTree = "<group>"; };
		262D4FE71AAD7D9F00ACCCD5 /* ProfileDemoTests.m */ = {isa = PBXFileReference; lastKnownFileType = sourcecode.c.objc; path = ProfileDemoTests.m; sourceTree = "<group>"; };
		262D4FF11AAD7E2100ACCCD5 /* MainTabBarViewController.h */ = {isa = PBXFileReference; fileEncoding = 4; lastKnownFileType = sourcecode.c.h; path = MainTabBarViewController.h; sourceTree = "<group>"; };
		262D4FF21AAD7E2100ACCCD5 /* MainTabBarViewController.m */ = {isa = PBXFileReference; fileEncoding = 4; lastKnownFileType = sourcecode.c.objc; path = MainTabBarViewController.m; sourceTree = "<group>"; };
		262D4FF41AAD7EB900ACCCD5 /* firstPageViewController.h */ = {isa = PBXFileReference; fileEncoding = 4; lastKnownFileType = sourcecode.c.h; path = firstPageViewController.h; sourceTree = "<group>"; };
		262D4FF51AAD7EB900ACCCD5 /* firstPageViewController.m */ = {isa = PBXFileReference; fileEncoding = 4; lastKnownFileType = sourcecode.c.objc; path = firstPageViewController.m; sourceTree = "<group>"; };
		262D4FF61AAD7EB900ACCCD5 /* secondPageViewController.h */ = {isa = PBXFileReference; fileEncoding = 4; lastKnownFileType = sourcecode.c.h; path = secondPageViewController.h; sourceTree = "<group>"; };
		262D4FF71AAD7EB900ACCCD5 /* secondPageViewController.m */ = {isa = PBXFileReference; fileEncoding = 4; lastKnownFileType = sourcecode.c.objc; path = secondPageViewController.m; sourceTree = "<group>"; };
		262D4FF81AAD7EB900ACCCD5 /* thirdPageViewController.h */ = {isa = PBXFileReference; fileEncoding = 4; lastKnownFileType = sourcecode.c.h; path = thirdPageViewController.h; sourceTree = "<group>"; };
		262D4FF91AAD7EB900ACCCD5 /* thirdPageViewController.m */ = {isa = PBXFileReference; fileEncoding = 4; lastKnownFileType = sourcecode.c.objc; path = thirdPageViewController.m; sourceTree = "<group>"; };
		262D50001AAD7F0F00ACCCD5 /* BaseNavigationViewController.h */ = {isa = PBXFileReference; fileEncoding = 4; lastKnownFileType = sourcecode.c.h; path = BaseNavigationViewController.h; sourceTree = "<group>"; };
		262D50011AAD7F0F00ACCCD5 /* BaseNavigationViewController.m */ = {isa = PBXFileReference; fileEncoding = 4; lastKnownFileType = sourcecode.c.objc; path = BaseNavigationViewController.m; sourceTree = "<group>"; };
		262D50031AAD803700ACCCD5 /* Main.storyboard */ = {isa = PBXFileReference; fileEncoding = 4; lastKnownFileType = file.storyboard; path = Main.storyboard; sourceTree = "<group>"; };
		262D50091AAD817C00ACCCD5 /* about@2x.png */ = {isa = PBXFileReference; lastKnownFileType = image.png; path = "about@2x.png"; sourceTree = "<group>"; };
		262D500A1AAD817C00ACCCD5 /* about_sel@2x.png */ = {isa = PBXFileReference; lastKnownFileType = image.png; path = "about_sel@2x.png"; sourceTree = "<group>"; };
		262D500B1AAD817C00ACCCD5 /* blog@2x.png */ = {isa = PBXFileReference; lastKnownFileType = image.png; path = "blog@2x.png"; sourceTree = "<group>"; };
		262D500C1AAD817C00ACCCD5 /* blog_sel@2x.png */ = {isa = PBXFileReference; lastKnownFileType = image.png; path = "blog_sel@2x.png"; sourceTree = "<group>"; };
		262D500D1AAD817C00ACCCD5 /* opinion@2x.png */ = {isa = PBXFileReference; lastKnownFileType = image.png; path = "opinion@2x.png"; sourceTree = "<group>"; };
		262D500E1AAD817C00ACCCD5 /* opinion_sel@2x.png */ = {isa = PBXFileReference; lastKnownFileType = image.png; path = "opinion_sel@2x.png"; sourceTree = "<group>"; };
		262D500F1AAD817C00ACCCD5 /* tabbar_background@2x.png */ = {isa = PBXFileReference; lastKnownFileType = image.png; path = "tabbar_background@2x.png"; sourceTree = "<group>"; };
		262D50171AAD993E00ACCCD5 /* News.h */ = {isa = PBXFileReference; fileEncoding = 4; lastKnownFileType = sourcecode.c.h; path = News.h; sourceTree = "<group>"; };
		262D50181AAD993E00ACCCD5 /* News.m */ = {isa = PBXFileReference; fileEncoding = 4; lastKnownFileType = sourcecode.c.objc; path = News.m; sourceTree = "<group>"; };
		262D501A1AAD996B00ACCCD5 /* NewsTableViewCell.h */ = {isa = PBXFileReference; fileEncoding = 4; lastKnownFileType = sourcecode.c.h; path = NewsTableViewCell.h; sourceTree = "<group>"; };
		262D501B1AAD996B00ACCCD5 /* NewsTableViewCell.m */ = {isa = PBXFileReference; fileEncoding = 4; lastKnownFileType = sourcecode.c.objc; path = NewsTableViewCell.m; sourceTree = "<group>"; };
		262D501D1AAD9D1800ACCCD5 /* test.plist */ = {isa = PBXFileReference; fileEncoding = 4; lastKnownFileType = text.plist.xml; path = test.plist; sourceTree = "<group>"; };
/* End PBXFileReference section */

/* Begin PBXFrameworksBuildPhase section */
		262D4FC51AAD7D9F00ACCCD5 /* Frameworks */ = {
			isa = PBXFrameworksBuildPhase;
			buildActionMask = 2147483647;
			files = (
			);
			runOnlyForDeploymentPostprocessing = 0;
		};
		262D4FDE1AAD7D9F00ACCCD5 /* Frameworks */ = {
			isa = PBXFrameworksBuildPhase;
			buildActionMask = 2147483647;
			files = (
			);
			runOnlyForDeploymentPostprocessing = 0;
		};
/* End PBXFrameworksBuildPhase section */

/* Begin PBXGroup section */
		262D4FBF1AAD7D9E00ACCCD5 = {
			isa = PBXGroup;
			children = (
				262D4FCA1AAD7D9F00ACCCD5 /* ProfileDemo */,
				262D4FE41AAD7D9F00ACCCD5 /* ProfileDemoTests */,
				262D4FC91AAD7D9F00ACCCD5 /* Products */,
			);
			sourceTree = "<group>";
		};
		262D4FC91AAD7D9F00ACCCD5 /* Products */ = {
			isa = PBXGroup;
			children = (
				262D4FC81AAD7D9F00ACCCD5 /* ProfileDemo.app */,
				262D4FE11AAD7D9F00ACCCD5 /* ProfileDemoTests.xctest */,
			);
			name = Products;
			sourceTree = "<group>";
		};
		262D4FCA1AAD7D9F00ACCCD5 /* ProfileDemo */ = {
			isa = PBXGroup;
			children = (
				262D4FCF1AAD7D9F00ACCCD5 /* AppDelegate.h */,
				262D4FD01AAD7D9F00ACCCD5 /* AppDelegate.m */,
				262D4FF11AAD7E2100ACCCD5 /* MainTabBarViewController.h */,
				262D4FF21AAD7E2100ACCCD5 /* MainTabBarViewController.m */,
				262D50001AAD7F0F00ACCCD5 /* BaseNavigationViewController.h */,
				262D50011AAD7F0F00ACCCD5 /* BaseNavigationViewController.m */,
				262D50031AAD803700ACCCD5 /* Main.storyboard */,
				262D4FFD1AAD7EDC00ACCCD5 /* firstPage */,
				262D4FFE1AAD7EE900ACCCD5 /* secondPage */,
				262D4FFF1AAD7EF500ACCCD5 /* thirdPage */,
				262D4FD81AAD7D9F00ACCCD5 /* Images.xcassets */,
				262D4FDA1AAD7D9F00ACCCD5 /* LaunchScreen.xib */,
				262D4FCB1AAD7D9F00ACCCD5 /* Supporting Files */,
			);
			path = ProfileDemo;
			sourceTree = "<group>";
		};
		262D4FCB1AAD7D9F00ACCCD5 /* Supporting Files */ = {
			isa = PBXGroup;
			children = (
				262D50071AAD817C00ACCCD5 /* image */,
				262D4FCC1AAD7D9F00ACCCD5 /* Info.plist */,
				262D4FCD1AAD7D9F00ACCCD5 /* main.m */,
				262D501D1AAD9D1800ACCCD5 /* test.plist */,
			);
			name = "Supporting Files";
			sourceTree = "<group>";
		};
		262D4FE41AAD7D9F00ACCCD5 /* ProfileDemoTests */ = {
			isa = PBXGroup;
			children = (
				262D4FE71AAD7D9F00ACCCD5 /* ProfileDemoTests.m */,
				262D4FE51AAD7D9F00ACCCD5 /* Supporting Files */,
			);
			path = ProfileDemoTests;
			sourceTree = "<group>";
		};
		262D4FE51AAD7D9F00ACCCD5 /* Supporting Files */ = {
			isa = PBXGroup;
			children = (
				262D4FE61AAD7D9F00ACCCD5 /* Info.plist */,
			);
			name = "Supporting Files";
			sourceTree = "<group>";
		};
		262D4FFD1AAD7EDC00ACCCD5 /* firstPage */ = {
			isa = PBXGroup;
			children = (
				262D4FF41AAD7EB900ACCCD5 /* firstPageViewController.h */,
				262D4FF51AAD7EB900ACCCD5 /* firstPageViewController.m */,
				262D50171AAD993E00ACCCD5 /* News.h */,
				262D50181AAD993E00ACCCD5 /* News.m */,
				262D501A1AAD996B00ACCCD5 /* NewsTableViewCell.h */,
				262D501B1AAD996B00ACCCD5 /* NewsTableViewCell.m */,
			);
			name = firstPage;
			sourceTree = "<group>";
		};
		262D4FFE1AAD7EE900ACCCD5 /* secondPage */ = {
			isa = PBXGroup;
			children = (
				262D4FF61AAD7EB900ACCCD5 /* secondPageViewController.h */,
				262D4FF71AAD7EB900ACCCD5 /* secondPageViewController.m */,
			);
			name = secondPage;
			sourceTree = "<group>";
		};
		262D4FFF1AAD7EF500ACCCD5 /* thirdPage */ = {
			isa = PBXGroup;
			children = (
				262D4FF81AAD7EB900ACCCD5 /* thirdPageViewController.h */,
				262D4FF91AAD7EB900ACCCD5 /* thirdPageViewController.m */,
			);
			name = thirdPage;
			sourceTree = "<group>";
		};
		262D50071AAD817C00ACCCD5 /* image */ = {
			isa = PBXGroup;
			children = (
				262D50081AAD817C00ACCCD5 /* tabbar */,
			);
			path = image;
			sourceTree = "<group>";
		};
		262D50081AAD817C00ACCCD5 /* tabbar */ = {
			isa = PBXGroup;
			children = (
				262D50091AAD817C00ACCCD5 /* about@2x.png */,
				262D500A1AAD817C00ACCCD5 /* about_sel@2x.png */,
				262D500B1AAD817C00ACCCD5 /* blog@2x.png */,
				262D500C1AAD817C00ACCCD5 /* blog_sel@2x.png */,
				262D500D1AAD817C00ACCCD5 /* opinion@2x.png */,
				262D500E1AAD817C00ACCCD5 /* opinion_sel@2x.png */,
				262D500F1AAD817C00ACCCD5 /* tabbar_background@2x.png */,
			);
			path = tabbar;
			sourceTree = "<group>";
		};
/* End PBXGroup section */

/* Begin PBXNativeTarget section */
		262D4FC71AAD7D9F00ACCCD5 /* ProfileDemo */ = {
			isa = PBXNativeTarget;
			buildConfigurationList = 262D4FEB1AAD7D9F00ACCCD5 /* Build configuration list for PBXNativeTarget "ProfileDemo" */;
			buildPhases = (
				262D4FC41AAD7D9F00ACCCD5 /* Sources */,
				262D4FC51AAD7D9F00ACCCD5 /* Frameworks */,
				262D4FC61AAD7D9F00ACCCD5 /* Resources */,
			);
			buildRules = (
			);
			dependencies = (
			);
			name = ProfileDemo;
			productName = ProfileDemo;
			productReference = 262D4FC81AAD7D9F00ACCCD5 /* ProfileDemo.app */;
			productType = "com.apple.product-type.application";
		};
		262D4FE01AAD7D9F00ACCCD5 /* ProfileDemoTests */ = {
			isa = PBXNativeTarget;
			buildConfigurationList = 262D4FEE1AAD7D9F00ACCCD5 /* Build configuration list for PBXNativeTarget "ProfileDemoTests" */;
			buildPhases = (
				262D4FDD1AAD7D9F00ACCCD5 /* Sources */,
				262D4FDE1AAD7D9F00ACCCD5 /* Frameworks */,
				262D4FDF1AAD7D9F00ACCCD5 /* Resources */,
			);
			buildRules = (
			);
			dependencies = (
				262D4FE31AAD7D9F00ACCCD5 /* PBXTargetDependency */,
			);
			name = ProfileDemoTests;
			productName = ProfileDemoTests;
			productReference = 262D4FE11AAD7D9F00ACCCD5 /* ProfileDemoTests.xctest */;
			productType = "com.apple.product-type.bundle.unit-test";
		};
/* End PBXNativeTarget section */

/* Begin PBXProject section */
		262D4FC01AAD7D9E00ACCCD5 /* Project object */ = {
			isa = PBXProject;
			attributes = {
				LastUpgradeCheck = 0610;
				ORGANIZATIONNAME = ShayneChow;
				TargetAttributes = {
					262D4FC71AAD7D9F00ACCCD5 = {
						CreatedOnToolsVersion = 6.1.1;
					};
					262D4FE01AAD7D9F00ACCCD5 = {
						CreatedOnToolsVersion = 6.1.1;
						TestTargetID = 262D4FC71AAD7D9F00ACCCD5;
					};
				};
			};
			buildConfigurationList = 262D4FC31AAD7D9E00ACCCD5 /* Build configuration list for PBXProject "ProfileDemo" */;
			compatibilityVersion = "Xcode 3.2";
			developmentRegion = English;
			hasScannedForEncodings = 0;
			knownRegions = (
				en,
				Base,
			);
			mainGroup = 262D4FBF1AAD7D9E00ACCCD5;
			productRefGroup = 262D4FC91AAD7D9F00ACCCD5 /* Products */;
			projectDirPath = "";
			projectRoot = "";
			targets = (
				262D4FC71AAD7D9F00ACCCD5 /* ProfileDemo */,
				262D4FE01AAD7D9F00ACCCD5 /* ProfileDemoTests */,
			);
		};
/* End PBXProject section */

/* Begin PBXResourcesBuildPhase section */
		262D4FC61AAD7D9F00ACCCD5 /* Resources */ = {
			isa = PBXResourcesBuildPhase;
			buildActionMask = 2147483647;
			files = (
				262D50101AAD817C00ACCCD5 /* about@2x.png in Resources */,
				262D50041AAD803700ACCCD5 /* Main.storyboard in Resources */,
				262D4FDC1AAD7D9F00ACCCD5 /* LaunchScreen.xib in Resources */,
				262D50131AAD817C00ACCCD5 /* blog_sel@2x.png in Resources */,
				262D50111AAD817C00ACCCD5 /* about_sel@2x.png in Resources */,
				262D50121AAD817C00ACCCD5 /* blog@2x.png in Resources */,
				262D50151AAD817C00ACCCD5 /* opinion_sel@2x.png in Resources */,
				262D4FD91AAD7D9F00ACCCD5 /* Images.xcassets in Resources */,
				262D501E1AAD9D1800ACCCD5 /* test.plist in Resources */,
				262D50161AAD817C00ACCCD5 /* tabbar_background@2x.png in Resources */,
				262D50141AAD817C00ACCCD5 /* opinion@2x.png in Resources */,
			);
			runOnlyForDeploymentPostprocessing = 0;
		};
		262D4FDF1AAD7D9F00ACCCD5 /* Resources */ = {
			isa = PBXResourcesBuildPhase;
			buildActionMask = 2147483647;
			files = (
			);
			runOnlyForDeploymentPostprocessing = 0;
		};
/* End PBXResourcesBuildPhase section */

/* Begin PBXSourcesBuildPhase section */
		262D4FC41AAD7D9F00ACCCD5 /* Sources */ = {
			isa = PBXSourcesBuildPhase;
			buildActionMask = 2147483647;
			files = (
				262D4FFA1AAD7EB900ACCCD5 /* firstPageViewController.m in Sources */,
				262D4FFB1AAD7EB900ACCCD5 /* secondPageViewController.m in Sources */,
				262D50021AAD7F0F00ACCCD5 /* BaseNavigationViewController.m in Sources */,
				262D4FF31AAD7E2100ACCCD5 /* MainTabBarViewController.m in Sources */,
				262D4FD11AAD7D9F00ACCCD5 /* AppDelegate.m in Sources */,
				262D501C1AAD996B00ACCCD5 /* NewsTableViewCell.m in Sources */,
				262D4FCE1AAD7D9F00ACCCD5 /* main.m in Sources */,
				262D50191AAD993E00ACCCD5 /* News.m in Sources */,
				262D4FFC1AAD7EB900ACCCD5 /* thirdPageViewController.m in Sources */,
			);
			runOnlyForDeploymentPostprocessing = 0;
		};
		262D4FDD1AAD7D9F00ACCCD5 /* Sources */ = {
			isa = PBXSourcesBuildPhase;
			buildActionMask = 2147483647;
			files = (
				262D4FE81AAD7D9F00ACCCD5 /* ProfileDemoTests.m in Sources */,
			);
			runOnlyForDeploymentPostprocessing = 0;
		};
/* End PBXSourcesBuildPhase section */

/* Begin PBXTargetDependency section */
		262D4FE31AAD7D9F00ACCCD5 /* PBXTargetDependency */ = {
			isa = PBXTargetDependency;
			target = 262D4FC71AAD7D9F00ACCCD5 /* ProfileDemo */;
			targetProxy = 262D4FE21AAD7D9F00ACCCD5 /* PBXContainerItemProxy */;
		};
/* End PBXTargetDependency section */

/* Begin PBXVariantGroup section */
		262D4FDA1AAD7D9F00ACCCD5 /* LaunchScreen.xib */ = {
			isa = PBXVariantGroup;
			children = (
				262D4FDB1AAD7D9F00ACCCD5 /* Base */,
			);
			name = LaunchScreen.xib;
			sourceTree = "<group>";
		};
/* End PBXVariantGroup section */

/* Begin XCBuildConfiguration section */
		262D4FE91AAD7D9F00ACCCD5 /* Debug */ = {
			isa = XCBuildConfiguration;
			buildSettings = {
				ALWAYS_SEARCH_USER_PATHS = NO;
				CLANG_CXX_LANGUAGE_STANDARD = "gnu++0x";
				CLANG_CXX_LIBRARY = "libc++";
				CLANG_ENABLE_MODULES = YES;
				CLANG_ENABLE_OBJC_ARC = YES;
				CLANG_WARN_BOOL_CONVERSION = YES;
				CLANG_WARN_CONSTANT_CONVERSION = YES;
				CLANG_WARN_DIRECT_OBJC_ISA_USAGE = YES_ERROR;
				CLANG_WARN_EMPTY_BODY = YES;
				CLANG_WARN_ENUM_CONVERSION = YES;
				CLANG_WARN_INT_CONVERSION = YES;
				CLANG_WARN_OBJC_ROOT_CLASS = YES_ERROR;
				CLANG_WARN_UNREACHABLE_CODE = YES;
				CLANG_WARN__DUPLICATE_METHOD_MATCH = YES;
				"CODE_SIGN_IDENTITY[sdk=iphoneos*]" = "iPhone Developer";
				COPY_PHASE_STRIP = NO;
				ENABLE_STRICT_OBJC_MSGSEND = YES;
				GCC_C_LANGUAGE_STANDARD = gnu99;
				GCC_DYNAMIC_NO_PIC = NO;
				GCC_OPTIMIZATION_LEVEL = 0;
				GCC_PREPROCESSOR_DEFINITIONS = (
					"DEBUG=1",
					"$(inherited)",
				);
				GCC_SYMBOLS_PRIVATE_EXTERN = NO;
				GCC_WARN_64_TO_32_BIT_CONVERSION = YES;
				GCC_WARN_ABOUT_RETURN_TYPE = YES_ERROR;
				GCC_WARN_UNDECLARED_SELECTOR = YES;
				GCC_WARN_UNINITIALIZED_AUTOS = YES_AGGRESSIVE;
				GCC_WARN_UNUSED_FUNCTION = YES;
				GCC_WARN_UNUSED_VARIABLE = YES;
				IPHONEOS_DEPLOYMENT_TARGET = 8.1;
				MTL_ENABLE_DEBUG_INFO = YES;
				ONLY_ACTIVE_ARCH = YES;
				SDKROOT = iphoneos;
			};
			name = Debug;
		};
		262D4FEA1AAD7D9F00ACCCD5 /* Release */ = {
			isa = XCBuildConfiguration;
			buildSettings = {
				ALWAYS_SEARCH_USER_PATHS = NO;
				CLANG_CXX_LANGUAGE_STANDARD = "gnu++0x";
				CLANG_CXX_LIBRARY = "libc++";
				CLANG_ENABLE_MODULES = YES;
				CLANG_ENABLE_OBJC_ARC = YES;
				CLANG_WARN_BOOL_CONVERSION = YES;
				CLANG_WARN_CONSTANT_CONVERSION = YES;
				CLANG_WARN_DIRECT_OBJC_ISA_USAGE = YES_ERROR;
				CLANG_WARN_EMPTY_BODY = YES;
				CLANG_WARN_ENUM_CONVERSION = YES;
				CLANG_WARN_INT_CONVERSION = YES;
				CLANG_WARN_OBJC_ROOT_CLASS = YES_ERROR;
				CLANG_WARN_UNREACHABLE_CODE = YES;
				CLANG_WARN__DUPLICATE_METHOD_MATCH = YES;
				"CODE_SIGN_IDENTITY[sdk=iphoneos*]" = "iPhone Developer";
				COPY_PHASE_STRIP = YES;
				ENABLE_NS_ASSERTIONS = NO;
				ENABLE_STRICT_OBJC_MSGSEND = YES;
				GCC_C_LANGUAGE_STANDARD = gnu99;
				GCC_WARN_64_TO_32_BIT_CONVERSION = YES;
				GCC_WARN_ABOUT_RETURN_TYPE = YES_ERROR;
				GCC_WARN_UNDECLARED_SELECTOR = YES;
				GCC_WARN_UNINITIALIZED_AUTOS = YES_AGGRESSIVE;
				GCC_WARN_UNUSED_FUNCTION = YES;
				GCC_WARN_UNUSED_VARIABLE = YES;
				IPHONEOS_DEPLOYMENT_TARGET = 8.1;
				MTL_ENABLE_DEBUG_INFO = NO;
				SDKROOT = iphoneos;
				VALIDATE_PRODUCT = YES;
			};
			name = Release;
		};
		262D4FEC1AAD7D9F00ACCCD5 /* Debug */ = {
			isa = XCBuildConfiguration;
			buildSettings = {
				ASSETCATALOG_COMPILER_APPICON_NAME = AppIcon;
				INFOPLIST_FILE = ProfileDemo/Info.plist;
				LD_RUNPATH_SEARCH_PATHS = "$(inherited) @executable_path/Frameworks";
				PRODUCT_NAME = "$(TARGET_NAME)";
			};
			name = Debug;
		};
		262D4FED1AAD7D9F00ACCCD5 /* Release */ = {
			isa = XCBuildConfiguration;
			buildSettings = {
				ASSETCATALOG_COMPILER_APPICON_NAME = AppIcon;
				INFOPLIST_FILE = ProfileDemo/Info.plist;
				LD_RUNPATH_SEARCH_PATHS = "$(inherited) @executable_path/Frameworks";
				PRODUCT_NAME = "$(TARGET_NAME)";
			};
			name = Release;
		};
		262D4FEF1AAD7D9F00ACCCD5 /* Debug */ = {
			isa = XCBuildConfiguration;
			buildSettings = {
				BUNDLE_LOADER = "$(TEST_HOST)";
				FRAMEWORK_SEARCH_PATHS = (
					"$(SDKROOT)/Developer/Library/Frameworks",
					"$(inherited)",
				);
				GCC_PREPROCESSOR_DEFINITIONS = (
					"DEBUG=1",
					"$(inherited)",
				);
				INFOPLIST_FILE = ProfileDemoTests/Info.plist;
				LD_RUNPATH_SEARCH_PATHS = "$(inherited) @executable_path/Frameworks @loader_path/Frameworks";
				PRODUCT_NAME = "$(TARGET_NAME)";
				TEST_HOST = "$(BUILT_PRODUCTS_DIR)/ProfileDemo.app/ProfileDemo";
			};
			name = Debug;
		};
		262D4FF01AAD7D9F00ACCCD5 /* Release */ = {
			isa = XCBuildConfiguration;
			buildSettings = {
				BUNDLE_LOADER = "$(TEST_HOST)";
				FRAMEWORK_SEARCH_PATHS = (
					"$(SDKROOT)/Developer/Library/Frameworks",
					"$(inherited)",
				);
				INFOPLIST_FILE = ProfileDemoTests/Info.plist;
				LD_RUNPATH_SEARCH_PATHS = "$(inherited) @executable_path/Frameworks @loader_path/Frameworks";
				PRODUCT_NAME = "$(TARGET_NAME)";
				TEST_HOST = "$(BUILT_PRODUCTS_DIR)/ProfileDemo.app/ProfileDemo";
			};
			name = Release;
		};
/* End XCBuildConfiguration section */

/* Begin XCConfigurationList section */
		262D4FC31AAD7D9E00ACCCD5 /* Build configuration list for PBXProject "ProfileDemo" */ = {
			isa = XCConfigurationList;
			buildConfigurations = (
				262D4FE91AAD7D9F00ACCCD5 /* Debug */,
				262D4FEA1AAD7D9F00ACCCD5 /* Release */,
			);
			defaultConfigurationIsVisible = 0;
			defaultConfigurationName = Release;
		};
		262D4FEB1AAD7D9F00ACCCD5 /* Build configuration list for PBXNativeTarget "ProfileDemo" */ = {
			isa = XCConfigurationList;
			buildConfigurations = (
				262D4FEC1AAD7D9F00ACCCD5 /* Debug */,
				262D4FED1AAD7D9F00ACCCD5 /* Release */,
			);
			defaultConfigurationIsVisible = 0;
		};
		262D4FEE1AAD7D9F00ACCCD5 /* Build configuration list for PBXNativeTarget "ProfileDemoTests" */ = {
			isa = XCConfigurationList;
			buildConfigurations = (
				262D4FEF1AAD7D9F00ACCCD5 /* Debug */,
				262D4FF01AAD7D9F00ACCCD5 /* Release */,
			);
			defaultConfigurationIsVisible = 0;
		};
/* End XCConfigurationList section */
	};
	rootObject = 262D4FC01AAD7D9E00ACCCD5 /* Project object */;
}
